
Microsoft Visual Studio Solution File, Format Version 12.00
# Visual Studio Version 16
VisualStudioVersion = 16.0.31321.278
MinimumVisualStudioVersion = 10.0.40219.1
Project("{FAE04EC0-301F-11D3-BF4B-00C04F79EFBC}") = "<%= props.pluginname %>", "<%= props.pluginname %>\<%= props.pluginname %>.csproj", "{<%= props.id %>}"
EndProject
Project("{2150E333-8FDC-42A3-9474-1A3956D46DE8}") = "src", "src", "{<%= props.presolutionGuid %>}"
	ProjectSection(SolutionItems) = preProject
		scripts\src\<%= props.pluginname %>.css = scripts\src\<%= props.pluginname %>.css
		scripts\src\<%= props.pluginname %>.html = scripts\src\<%= props.pluginname %>.html
		scripts\src\<%= props.pluginname %>.ts = scripts\src\<%= props.pluginname %>.ts
	EndProjectSection
Global
	GlobalSection(SolutionConfigurationPlatforms) = preSolution
		Debug|Any CPU = Debug|Any CPU
		Release|Any CPU = Release|Any CPU
	EndGlobalSection
	GlobalSection(ProjectConfigurationPlatforms) = postSolution
		{<%= props.id %>}.Debug|Any CPU.ActiveCfg = Debug|Any CPU
		{<%= props.id %>}.Debug|Any CPU.Build.0 = Debug|Any CPU
		{<%= props.id %>}.Release|Any CPU.ActiveCfg = Release|Any CPU
		{<%= props.id %>}.Release|Any CPU.Build.0 = Release|Any CPU
	EndGlobalSection
	GlobalSection(SolutionProperties) = preSolution
		HideSolutionNode = FALSE
	EndGlobalSection
		GlobalSection(NestedProjects) = preSolution
		{<%= props.presolutionGuid %>} = {<%= props.nestedGuid %>}
	EndGlobalSection
	GlobalSection(ExtensibilityGlobals) = postSolution
		SolutionGuid = {<%= props.guid %>}
	EndGlobalSection
EndGlobal
